
Microsoft Visual Studio Solution File, Format Version 12.00
# Visual Studio Version 16
VisualStudioVersion = 16.0.29806.167
MinimumVisualStudioVersion = 10.0.40219.1
Project("{9A19103F-16F7-4668-BE54-9A1E7A4F7556}") = "SpaceparkAPI", "SpaceparkAPI\SpaceparkAPI.csproj", "{BE9EEA8B-60B6-4CBE-AE61-B5C3A404BDEB}"
EndProject
Project("{9A19103F-16F7-4668-BE54-9A1E7A4F7556}") = "SpaceTest", "SpaceTest\SpaceTest.csproj", "{9370930C-B695-401B-95A5-55CC8E33B465}"
EndProject
Project("{E53339B2-1760-4266-BCC7-CA923CBCF16C}") = "docker-compose", "docker-compose.dcproj", "{481E445F-B119-481D-9F80-E21A0AA30258}"
EndProject
Project("{FAE04EC0-301F-11D3-BF4B-00C04F79EFBC}") = "SpaceParkConsoleApp", "..\SpaceParkConsoleApp\SpaceParkConsoleApp.csproj", "{DC24C938-E6C9-4CCF-B960-3786E487FEBB}"
EndProject
Global
	GlobalSection(SolutionConfigurationPlatforms) = preSolution
		Debug|Any CPU = Debug|Any CPU
		Release|Any CPU = Release|Any CPU
	EndGlobalSection
	GlobalSection(ProjectConfigurationPlatforms) = postSolution
		{BE9EEA8B-60B6-4CBE-AE61-B5C3A404BDEB}.Debug|Any CPU.ActiveCfg = Debug|Any CPU
		{BE9EEA8B-60B6-4CBE-AE61-B5C3A404BDEB}.Debug|Any CPU.Build.0 = Debug|Any CPU
		{BE9EEA8B-60B6-4CBE-AE61-B5C3A404BDEB}.Release|Any CPU.ActiveCfg = Release|Any CPU
		{BE9EEA8B-60B6-4CBE-AE61-B5C3A404BDEB}.Release|Any CPU.Build.0 = Release|Any CPU
		{9370930C-B695-401B-95A5-55CC8E33B465}.Debug|Any CPU.ActiveCfg = Debug|Any CPU
		{9370930C-B695-401B-95A5-55CC8E33B465}.Debug|Any CPU.Build.0 = Debug|Any CPU
		{9370930C-B695-401B-95A5-55CC8E33B465}.Release|Any CPU.ActiveCfg = Release|Any CPU
		{9370930C-B695-401B-95A5-55CC8E33B465}.Release|Any CPU.Build.0 = Release|Any CPU
		{481E445F-B119-481D-9F80-E21A0AA30258}.Debug|Any CPU.ActiveCfg = Debug|Any CPU
		{481E445F-B119-481D-9F80-E21A0AA30258}.Debug|Any CPU.Build.0 = Debug|Any CPU
		{481E445F-B119-481D-9F80-E21A0AA30258}.Release|Any CPU.ActiveCfg = Release|Any CPU
		{481E445F-B119-481D-9F80-E21A0AA30258}.Release|Any CPU.Build.0 = Release|Any CPU
		{DC24C938-E6C9-4CCF-B960-3786E487FEBB}.Debug|Any CPU.ActiveCfg = Debug|Any CPU
		{DC24C938-E6C9-4CCF-B960-3786E487FEBB}.Debug|Any CPU.Build.0 = Debug|Any CPU
		{DC24C938-E6C9-4CCF-B960-3786E487FEBB}.Release|Any CPU.ActiveCfg = Release|Any CPU
		{DC24C938-E6C9-4CCF-B960-3786E487FEBB}.Release|Any CPU.Build.0 = Release|Any CPU
	EndGlobalSection
	GlobalSection(SolutionProperties) = preSolution
		HideSolutionNode = FALSE
	EndGlobalSection
	GlobalSection(ExtensibilityGlobals) = postSolution
		SolutionGuid = {795378BC-AEDA-4B38-B52C-F7EE2E5A3704}
	EndGlobalSection
EndGlobal
